
Microsoft Visual Studio Solution File, Format Version 12.00
# Visual Studio Version 16
VisualStudioVersion = 16.0.29503.13
MinimumVisualStudioVersion = 10.0.40219.1
Project("{FAE04EC0-301F-11D3-BF4B-00C04F79EFBC}") = "KursAM2", "KursAM2v3\KursAM2.csproj", "{F81539F9-9431-4D87-9BF0-7E195911349D}"
EndProject
Project("{FAE04EC0-301F-11D3-BF4B-00C04F79EFBC}") = "VersionGenerate", "VersionGenerate\VersionGenerate.csproj", "{06341FE4-3917-483A-8E7A-1FEC8211D85F}"
EndProject
Project("{FAE04EC0-301F-11D3-BF4B-00C04F79EFBC}") = "Helper", "Helper\Helper.csproj", "{45442B20-578B-4519-A31C-6BA5102B240F}"
EndProject
Project("{FAE04EC0-301F-11D3-BF4B-00C04F79EFBC}") = "Data", "Data\Data.csproj", "{AE6BDC42-9B1E-4F09-8923-2295B1C87212}"
EndProject
Project("{FAE04EC0-301F-11D3-BF4B-00C04F79EFBC}") = "Calculates", "Calculates\Calculates.csproj", "{E9528BC7-A826-429B-B07D-C3FB58DD7165}"
EndProject
Project("{FAE04EC0-301F-11D3-BF4B-00C04F79EFBC}") = "Core", "Core\Core.csproj", "{3541BE94-A5B6-4E4E-8A63-DBB103ACDE29}"
EndProject
Project("{FAE04EC0-301F-11D3-BF4B-00C04F79EFBC}") = "LayoutManager", "LayoutManager\LayoutManager.csproj", "{0AC84FA1-A12E-414A-8D3E-EDE48E795908}"
EndProject
Project("{FAE04EC0-301F-11D3-BF4B-00C04F79EFBC}") = "PeriodManager", "PeriodManager\PeriodManager.csproj", "{9E3FA069-7E99-4AC0-9F79-9D850A51BDDA}"
EndProject
Project("{FAE04EC0-301F-11D3-BF4B-00C04F79EFBC}") = "CoreView", "CoreView\CoreView.csproj", "{B8D071BD-8311-4038-AF17-37D74E2DF91E}"
EndProject
Project("{FAE04EC0-301F-11D3-BF4B-00C04F79EFBC}") = "Reports", "Reports\Reports.csproj", "{66A3ECD4-693D-485F-97B2-35AAD6AB6D48}"
EndProject
Project("{FAE04EC0-301F-11D3-BF4B-00C04F79EFBC}") = "ServerCalculate", "ServerCalculate\ServerCalculate.csproj", "{75A9C027-BFC1-42A9-B842-A0DB48FDEAF4}"
EndProject
Project("{FAE04EC0-301F-11D3-BF4B-00C04F79EFBC}") = "FinanceAnalitic", "FinanceAnalitic\FinanceAnalitic.csproj", "{E384033F-66C5-414A-AA48-F2B7D6CDB7CF}"
EndProject
Project("{FAE04EC0-301F-11D3-BF4B-00C04F79EFBC}") = "Updater", "Updater\Updater.csproj", "{2B4BDBC7-A64F-44CD-B9CD-18E332965817}"
EndProject
Project("{FAE04EC0-301F-11D3-BF4B-00C04F79EFBC}") = "Core.Tests", "Core.Tests\Core.Tests.csproj", "{833108ED-1970-4B4D-98E0-F5FF8984C4BE}"
EndProject
Project("{FAE04EC0-301F-11D3-BF4B-00C04F79EFBC}") = "KursRepozit", "DXApplication1\KursRepozit\KursRepozit.csproj", "{144670CB-6396-488C-A76D-2E03A3B69E78}"
EndProject
Project("{FAE04EC0-301F-11D3-BF4B-00C04F79EFBC}") = "KursRepozit.Tests", "KursRepozit.Tests\KursRepozit.Tests.csproj", "{0ADE9C9B-B276-4FDC-B21C-F35B86817D77}"
EndProject
Project("{FAE04EC0-301F-11D3-BF4B-00C04F79EFBC}") = "KursAM2.Tests", "KursAM2.Tests\KursAM2.Tests.csproj", "{A9C7B766-3094-4D70-BC32-33CD3CD43F25}"
EndProject
Project("{FAE04EC0-301F-11D3-BF4B-00C04F79EFBC}") = "KursRepositories", "KursRepositories\KursRepositories.csproj", "{B61CB1C4-0C5D-4897-B7D4-250D3DB76D0C}"
EndProject
Global
	GlobalSection(SolutionConfigurationPlatforms) = preSolution
		Debug|Any CPU = Debug|Any CPU
		Development|Any CPU = Development|Any CPU
		Release|Any CPU = Release|Any CPU
	EndGlobalSection
	GlobalSection(ProjectConfigurationPlatforms) = postSolution
		{F81539F9-9431-4D87-9BF0-7E195911349D}.Debug|Any CPU.ActiveCfg = Debug|Any CPU
		{F81539F9-9431-4D87-9BF0-7E195911349D}.Debug|Any CPU.Build.0 = Debug|Any CPU
		{F81539F9-9431-4D87-9BF0-7E195911349D}.Development|Any CPU.ActiveCfg = Debug|Any CPU
		{F81539F9-9431-4D87-9BF0-7E195911349D}.Development|Any CPU.Build.0 = Debug|Any CPU
		{F81539F9-9431-4D87-9BF0-7E195911349D}.Release|Any CPU.ActiveCfg = Release|Any CPU
		{F81539F9-9431-4D87-9BF0-7E195911349D}.Release|Any CPU.Build.0 = Release|Any CPU
		{06341FE4-3917-483A-8E7A-1FEC8211D85F}.Debug|Any CPU.ActiveCfg = Debug|Any CPU
		{06341FE4-3917-483A-8E7A-1FEC8211D85F}.Debug|Any CPU.Build.0 = Debug|Any CPU
		{06341FE4-3917-483A-8E7A-1FEC8211D85F}.Development|Any CPU.ActiveCfg = Debug|Any CPU
		{06341FE4-3917-483A-8E7A-1FEC8211D85F}.Development|Any CPU.Build.0 = Debug|Any CPU
		{06341FE4-3917-483A-8E7A-1FEC8211D85F}.Release|Any CPU.ActiveCfg = Release|Any CPU
		{06341FE4-3917-483A-8E7A-1FEC8211D85F}.Release|Any CPU.Build.0 = Release|Any CPU
		{45442B20-578B-4519-A31C-6BA5102B240F}.Debug|Any CPU.ActiveCfg = Debug|Any CPU
		{45442B20-578B-4519-A31C-6BA5102B240F}.Debug|Any CPU.Build.0 = Debug|Any CPU
		{45442B20-578B-4519-A31C-6BA5102B240F}.Development|Any CPU.ActiveCfg = Debug|Any CPU
		{45442B20-578B-4519-A31C-6BA5102B240F}.Development|Any CPU.Build.0 = Debug|Any CPU
		{45442B20-578B-4519-A31C-6BA5102B240F}.Release|Any CPU.ActiveCfg = Release|Any CPU
		{45442B20-578B-4519-A31C-6BA5102B240F}.Release|Any CPU.Build.0 = Release|Any CPU
		{AE6BDC42-9B1E-4F09-8923-2295B1C87212}.Debug|Any CPU.ActiveCfg = Debug|Any CPU
		{AE6BDC42-9B1E-4F09-8923-2295B1C87212}.Debug|Any CPU.Build.0 = Debug|Any CPU
		{AE6BDC42-9B1E-4F09-8923-2295B1C87212}.Development|Any CPU.ActiveCfg = Debug|Any CPU
		{AE6BDC42-9B1E-4F09-8923-2295B1C87212}.Development|Any CPU.Build.0 = Debug|Any CPU
		{AE6BDC42-9B1E-4F09-8923-2295B1C87212}.Release|Any CPU.ActiveCfg = Release|Any CPU
		{AE6BDC42-9B1E-4F09-8923-2295B1C87212}.Release|Any CPU.Build.0 = Release|Any CPU
		{E9528BC7-A826-429B-B07D-C3FB58DD7165}.Debug|Any CPU.ActiveCfg = Debug|Any CPU
		{E9528BC7-A826-429B-B07D-C3FB58DD7165}.Debug|Any CPU.Build.0 = Debug|Any CPU
		{E9528BC7-A826-429B-B07D-C3FB58DD7165}.Development|Any CPU.ActiveCfg = Debug|Any CPU
		{E9528BC7-A826-429B-B07D-C3FB58DD7165}.Development|Any CPU.Build.0 = Debug|Any CPU
		{E9528BC7-A826-429B-B07D-C3FB58DD7165}.Release|Any CPU.ActiveCfg = Release|Any CPU
		{E9528BC7-A826-429B-B07D-C3FB58DD7165}.Release|Any CPU.Build.0 = Release|Any CPU
		{3541BE94-A5B6-4E4E-8A63-DBB103ACDE29}.Debug|Any CPU.ActiveCfg = Debug|Any CPU
		{3541BE94-A5B6-4E4E-8A63-DBB103ACDE29}.Debug|Any CPU.Build.0 = Debug|Any CPU
		{3541BE94-A5B6-4E4E-8A63-DBB103ACDE29}.Development|Any CPU.ActiveCfg = Debug|Any CPU
		{3541BE94-A5B6-4E4E-8A63-DBB103ACDE29}.Development|Any CPU.Build.0 = Debug|Any CPU
		{3541BE94-A5B6-4E4E-8A63-DBB103ACDE29}.Release|Any CPU.ActiveCfg = Release|Any CPU
		{3541BE94-A5B6-4E4E-8A63-DBB103ACDE29}.Release|Any CPU.Build.0 = Release|Any CPU
		{0AC84FA1-A12E-414A-8D3E-EDE48E795908}.Debug|Any CPU.ActiveCfg = Debug|Any CPU
		{0AC84FA1-A12E-414A-8D3E-EDE48E795908}.Debug|Any CPU.Build.0 = Debug|Any CPU
		{0AC84FA1-A12E-414A-8D3E-EDE48E795908}.Development|Any CPU.ActiveCfg = Debug|Any CPU
		{0AC84FA1-A12E-414A-8D3E-EDE48E795908}.Development|Any CPU.Build.0 = Debug|Any CPU
		{0AC84FA1-A12E-414A-8D3E-EDE48E795908}.Release|Any CPU.ActiveCfg = Release|Any CPU
		{0AC84FA1-A12E-414A-8D3E-EDE48E795908}.Release|Any CPU.Build.0 = Release|Any CPU
		{9E3FA069-7E99-4AC0-9F79-9D850A51BDDA}.Debug|Any CPU.ActiveCfg = Debug|Any CPU
		{9E3FA069-7E99-4AC0-9F79-9D850A51BDDA}.Debug|Any CPU.Build.0 = Debug|Any CPU
		{9E3FA069-7E99-4AC0-9F79-9D850A51BDDA}.Development|Any CPU.ActiveCfg = Debug|Any CPU
		{9E3FA069-7E99-4AC0-9F79-9D850A51BDDA}.Development|Any CPU.Build.0 = Debug|Any CPU
		{9E3FA069-7E99-4AC0-9F79-9D850A51BDDA}.Release|Any CPU.ActiveCfg = Release|Any CPU
		{9E3FA069-7E99-4AC0-9F79-9D850A51BDDA}.Release|Any CPU.Build.0 = Release|Any CPU
		{B8D071BD-8311-4038-AF17-37D74E2DF91E}.Debug|Any CPU.ActiveCfg = Debug|Any CPU
		{B8D071BD-8311-4038-AF17-37D74E2DF91E}.Debug|Any CPU.Build.0 = Debug|Any CPU
		{B8D071BD-8311-4038-AF17-37D74E2DF91E}.Development|Any CPU.ActiveCfg = Debug|Any CPU
		{B8D071BD-8311-4038-AF17-37D74E2DF91E}.Development|Any CPU.Build.0 = Debug|Any CPU
		{B8D071BD-8311-4038-AF17-37D74E2DF91E}.Release|Any CPU.ActiveCfg = Release|Any CPU
		{B8D071BD-8311-4038-AF17-37D74E2DF91E}.Release|Any CPU.Build.0 = Release|Any CPU
		{66A3ECD4-693D-485F-97B2-35AAD6AB6D48}.Debug|Any CPU.ActiveCfg = Debug|Any CPU
		{66A3ECD4-693D-485F-97B2-35AAD6AB6D48}.Debug|Any CPU.Build.0 = Debug|Any CPU
		{66A3ECD4-693D-485F-97B2-35AAD6AB6D48}.Development|Any CPU.ActiveCfg = Debug|Any CPU
		{66A3ECD4-693D-485F-97B2-35AAD6AB6D48}.Development|Any CPU.Build.0 = Debug|Any CPU
		{66A3ECD4-693D-485F-97B2-35AAD6AB6D48}.Release|Any CPU.ActiveCfg = Release|Any CPU
		{66A3ECD4-693D-485F-97B2-35AAD6AB6D48}.Release|Any CPU.Build.0 = Release|Any CPU
		{75A9C027-BFC1-42A9-B842-A0DB48FDEAF4}.Debug|Any CPU.ActiveCfg = Debug|Any CPU
		{75A9C027-BFC1-42A9-B842-A0DB48FDEAF4}.Debug|Any CPU.Build.0 = Debug|Any CPU
		{75A9C027-BFC1-42A9-B842-A0DB48FDEAF4}.Development|Any CPU.ActiveCfg = Debug|Any CPU
		{75A9C027-BFC1-42A9-B842-A0DB48FDEAF4}.Development|Any CPU.Build.0 = Debug|Any CPU
		{75A9C027-BFC1-42A9-B842-A0DB48FDEAF4}.Release|Any CPU.ActiveCfg = Release|Any CPU
		{75A9C027-BFC1-42A9-B842-A0DB48FDEAF4}.Release|Any CPU.Build.0 = Release|Any CPU
		{E384033F-66C5-414A-AA48-F2B7D6CDB7CF}.Debug|Any CPU.ActiveCfg = Debug|Any CPU
		{E384033F-66C5-414A-AA48-F2B7D6CDB7CF}.Debug|Any CPU.Build.0 = Debug|Any CPU
		{E384033F-66C5-414A-AA48-F2B7D6CDB7CF}.Development|Any CPU.ActiveCfg = Debug|Any CPU
		{E384033F-66C5-414A-AA48-F2B7D6CDB7CF}.Development|Any CPU.Build.0 = Debug|Any CPU
		{E384033F-66C5-414A-AA48-F2B7D6CDB7CF}.Release|Any CPU.ActiveCfg = Release|Any CPU
		{E384033F-66C5-414A-AA48-F2B7D6CDB7CF}.Release|Any CPU.Build.0 = Release|Any CPU
		{2B4BDBC7-A64F-44CD-B9CD-18E332965817}.Debug|Any CPU.ActiveCfg = Debug|Any CPU
		{2B4BDBC7-A64F-44CD-B9CD-18E332965817}.Debug|Any CPU.Build.0 = Debug|Any CPU
		{2B4BDBC7-A64F-44CD-B9CD-18E332965817}.Development|Any CPU.ActiveCfg = Debug|Any CPU
		{2B4BDBC7-A64F-44CD-B9CD-18E332965817}.Development|Any CPU.Build.0 = Debug|Any CPU
		{2B4BDBC7-A64F-44CD-B9CD-18E332965817}.Release|Any CPU.ActiveCfg = Release|Any CPU
		{2B4BDBC7-A64F-44CD-B9CD-18E332965817}.Release|Any CPU.Build.0 = Release|Any CPU
		{833108ED-1970-4B4D-98E0-F5FF8984C4BE}.Debug|Any CPU.ActiveCfg = Debug|Any CPU
		{833108ED-1970-4B4D-98E0-F5FF8984C4BE}.Debug|Any CPU.Build.0 = Debug|Any CPU
		{833108ED-1970-4B4D-98E0-F5FF8984C4BE}.Development|Any CPU.ActiveCfg = Debug|Any CPU
		{833108ED-1970-4B4D-98E0-F5FF8984C4BE}.Development|Any CPU.Build.0 = Debug|Any CPU
		{833108ED-1970-4B4D-98E0-F5FF8984C4BE}.Release|Any CPU.ActiveCfg = Release|Any CPU
		{833108ED-1970-4B4D-98E0-F5FF8984C4BE}.Release|Any CPU.Build.0 = Release|Any CPU
		{144670CB-6396-488C-A76D-2E03A3B69E78}.Debug|Any CPU.ActiveCfg = Debug|Any CPU
		{144670CB-6396-488C-A76D-2E03A3B69E78}.Debug|Any CPU.Build.0 = Debug|Any CPU
		{144670CB-6396-488C-A76D-2E03A3B69E78}.Development|Any CPU.ActiveCfg = Debug|Any CPU
		{144670CB-6396-488C-A76D-2E03A3B69E78}.Development|Any CPU.Build.0 = Debug|Any CPU
		{144670CB-6396-488C-A76D-2E03A3B69E78}.Release|Any CPU.ActiveCfg = Release|Any CPU
		{144670CB-6396-488C-A76D-2E03A3B69E78}.Release|Any CPU.Build.0 = Release|Any CPU
		{0ADE9C9B-B276-4FDC-B21C-F35B86817D77}.Debug|Any CPU.ActiveCfg = Debug|Any CPU
		{0ADE9C9B-B276-4FDC-B21C-F35B86817D77}.Debug|Any CPU.Build.0 = Debug|Any CPU
		{0ADE9C9B-B276-4FDC-B21C-F35B86817D77}.Development|Any CPU.ActiveCfg = Debug|Any CPU
		{0ADE9C9B-B276-4FDC-B21C-F35B86817D77}.Development|Any CPU.Build.0 = Debug|Any CPU
		{0ADE9C9B-B276-4FDC-B21C-F35B86817D77}.Release|Any CPU.ActiveCfg = Release|Any CPU
		{0ADE9C9B-B276-4FDC-B21C-F35B86817D77}.Release|Any CPU.Build.0 = Release|Any CPU
		{A9C7B766-3094-4D70-BC32-33CD3CD43F25}.Debug|Any CPU.ActiveCfg = Debug|Any CPU
		{A9C7B766-3094-4D70-BC32-33CD3CD43F25}.Debug|Any CPU.Build.0 = Debug|Any CPU
		{A9C7B766-3094-4D70-BC32-33CD3CD43F25}.Development|Any CPU.ActiveCfg = Debug|Any CPU
		{A9C7B766-3094-4D70-BC32-33CD3CD43F25}.Development|Any CPU.Build.0 = Debug|Any CPU
		{A9C7B766-3094-4D70-BC32-33CD3CD43F25}.Release|Any CPU.ActiveCfg = Release|Any CPU
		{A9C7B766-3094-4D70-BC32-33CD3CD43F25}.Release|Any CPU.Build.0 = Release|Any CPU
		{B61CB1C4-0C5D-4897-B7D4-250D3DB76D0C}.Debug|Any CPU.ActiveCfg = Debug|Any CPU
		{B61CB1C4-0C5D-4897-B7D4-250D3DB76D0C}.Debug|Any CPU.Build.0 = Debug|Any CPU
		{B61CB1C4-0C5D-4897-B7D4-250D3DB76D0C}.Development|Any CPU.ActiveCfg = Debug|Any CPU
		{B61CB1C4-0C5D-4897-B7D4-250D3DB76D0C}.Development|Any CPU.Build.0 = Debug|Any CPU
		{B61CB1C4-0C5D-4897-B7D4-250D3DB76D0C}.Release|Any CPU.ActiveCfg = Release|Any CPU
		{B61CB1C4-0C5D-4897-B7D4-250D3DB76D0C}.Release|Any CPU.Build.0 = Release|Any CPU
	EndGlobalSection
	GlobalSection(SolutionProperties) = preSolution
		HideSolutionNode = FALSE
	EndGlobalSection
	GlobalSection(ExtensibilityGlobals) = postSolution
		SolutionGuid = {6A2742B4-3915-4635-A1A7-A6F37FC7AD5D}
	EndGlobalSection
EndGlobal
